// !$*UTF8*$!
{
	archiveVersion = 1;
	classes = {
	};
	objectVersion = 46;
	objects = {

/* Begin PBXBuildFile section */
		6B0801641B3325A80037AE77 /* AppDelegate.swift in Sources */ = {isa = PBXBuildFile; fileRef = 6B0801631B3325A80037AE77 /* AppDelegate.swift */; };
		6B0801671B3325A80037AE77 /* Bow_Ties.xcdatamodeld in Sources */ = {isa = PBXBuildFile; fileRef = 6B0801651B3325A80037AE77 /* Bow_Ties.xcdatamodeld */; };
		6B0801691B3325A80037AE77 /* ViewController.swift in Sources */ = {isa = PBXBuildFile; fileRef = 6B0801681B3325A80037AE77 /* ViewController.swift */; };
		6B08016C1B3325A80037AE77 /* Main.storyboard in Resources */ = {isa = PBXBuildFile; fileRef = 6B08016A1B3325A80037AE77 /* Main.storyboard */; };
		6B08016E1B3325A80037AE77 /* Images.xcassets in Resources */ = {isa = PBXBuildFile; fileRef = 6B08016D1B3325A80037AE77 /* Images.xcassets */; };
		6B0801711B3325A80037AE77 /* LaunchScreen.xib in Resources */ = {isa = PBXBuildFile; fileRef = 6B08016F1B3325A80037AE77 /* LaunchScreen.xib */; };
		6B08017D1B3325A80037AE77 /* Bow_TiesTests.swift in Sources */ = {isa = PBXBuildFile; fileRef = 6B08017C1B3325A80037AE77 /* Bow_TiesTests.swift */; };
/* End PBXBuildFile section */

/* Begin PBXContainerItemProxy section */
		6B0801771B3325A80037AE77 /* PBXContainerItemProxy */ = {
			isa = PBXContainerItemProxy;
			containerPortal = 6B0801561B3325A80037AE77 /* Project object */;
			proxyType = 1;
			remoteGlobalIDString = 6B08015D1B3325A80037AE77;
			remoteInfo = "Bow Ties";
		};
/* End PBXContainerItemProxy section */

/* Begin PBXFileReference section */
		6B08015E1B3325A80037AE77 /* Bow Ties.app */ = {isa = PBXFileReference; explicitFileType = wrapper.application; includeInIndex = 0; path = "Bow Ties.app"; sourceTree = BUILT_PRODUCTS_DIR; };
		6B0801621B3325A80037AE77 /* Info.plist */ = {isa = PBXFileReference; lastKnownFileType = text.plist.xml; path = Info.plist; sourceTree = "<group>"; };
		6B0801631B3325A80037AE77 /* AppDelegate.swift */ = {isa = PBXFileReference; lastKnownFileType = sourcecode.swift; path = AppDelegate.swift; sourceTree = "<group>"; };
		6B0801661B3325A80037AE77 /* Bow_Ties.xcdatamodel */ = {isa = PBXFileReference; lastKnownFileType = wrapper.xcdatamodel; path = Bow_Ties.xcdatamodel; sourceTree = "<group>"; };
		6B0801681B3325A80037AE77 /* ViewController.swift */ = {isa = PBXFileReference; lastKnownFileType = sourcecode.swift; path = ViewController.swift; sourceTree = "<group>"; };
		6B08016B1B3325A80037AE77 /* Base */ = {isa = PBXFileReference; lastKnownFileType = file.storyboard; name = Base; path = Base.lproj/Main.storyboard; sourceTree = "<group>"; };
		6B08016D1B3325A80037AE77 /* Images.xcassets */ = {isa = PBXFileReference; lastKnownFileType = folder.assetcatalog; path = Images.xcassets; sourceTree = "<group>"; };
		6B0801701B3325A80037AE77 /* Base */ = {isa = PBXFileReference; lastKnownFileType = file.xib; name = Base; path = Base.lproj/LaunchScreen.xib; sourceTree = "<group>"; };
		6B0801761B3325A80037AE77 /* Bow TiesTests.xctest */ = {isa = PBXFileReference; explicitFileType = wrapper.cfbundle; includeInIndex = 0; path = "Bow TiesTests.xctest"; sourceTree = BUILT_PRODUCTS_DIR; };
		6B08017B1B3325A80037AE77 /* Info.plist */ = {isa = PBXFileReference; lastKnownFileType = text.plist.xml; path = Info.plist; sourceTree = "<group>"; };
		6B08017C1B3325A80037AE77 /* Bow_TiesTests.swift */ = {isa = PBXFileReference; lastKnownFileType = sourcecode.swift; path = Bow_TiesTests.swift; sourceTree = "<group>"; };
/* End PBXFileReference section */

/* Begin PBXFrameworksBuildPhase section */
		6B08015B1B3325A80037AE77 /* Frameworks */ = {
			isa = PBXFrameworksBuildPhase;
			buildActionMask = 2147483647;
			files = (
			);
			runOnlyForDeploymentPostprocessing = 0;
		};
		6B0801731B3325A80037AE77 /* Frameworks */ = {
			isa = PBXFrameworksBuildPhase;
			buildActionMask = 2147483647;
			files = (
			);
			runOnlyForDeploymentPostprocessing = 0;
		};
/* End PBXFrameworksBuildPhase section */

/* Begin PBXGroup section */
		6B0801551B3325A80037AE77 = {
			isa = PBXGroup;
			children = (
				6B0801601B3325A80037AE77 /* Bow Ties */,
				6B0801791B3325A80037AE77 /* Bow TiesTests */,
				6B08015F1B3325A80037AE77 /* Products */,
			);
			sourceTree = "<group>";
		};
		6B08015F1B3325A80037AE77 /* Products */ = {
			isa = PBXGroup;
			children = (
				6B08015E1B3325A80037AE77 /* Bow Ties.app */,
				6B0801761B3325A80037AE77 /* Bow TiesTests.xctest */,
			);
			name = Products;
			sourceTree = "<group>";
		};
		6B0801601B3325A80037AE77 /* Bow Ties */ = {
			isa = PBXGroup;
			children = (
				6B0801631B3325A80037AE77 /* AppDelegate.swift */,
				6B0801681B3325A80037AE77 /* ViewController.swift */,
				6B08016A1B3325A80037AE77 /* Main.storyboard */,
				6B08016D1B3325A80037AE77 /* Images.xcassets */,
				6B08016F1B3325A80037AE77 /* LaunchScreen.xib */,
				6B0801651B3325A80037AE77 /* Bow_Ties.xcdatamodeld */,
				6B0801611B3325A80037AE77 /* Supporting Files */,
			);
			path = "Bow Ties";
			sourceTree = "<group>";
		};
		6B0801611B3325A80037AE77 /* Supporting Files */ = {
			isa = PBXGroup;
			children = (
				6B0801621B3325A80037AE77 /* Info.plist */,
			);
			name = "Supporting Files";
			sourceTree = "<group>";
		};
		6B0801791B3325A80037AE77 /* Bow TiesTests */ = {
			isa = PBXGroup;
			children = (
				6B08017C1B3325A80037AE77 /* Bow_TiesTests.swift */,
				6B08017A1B3325A80037AE77 /* Supporting Files */,
			);
			path = "Bow TiesTests";
			sourceTree = "<group>";
		};
		6B08017A1B3325A80037AE77 /* Supporting Files */ = {
			isa = PBXGroup;
			children = (
				6B08017B1B3325A80037AE77 /* Info.plist */,
			);
			name = "Supporting Files";
			sourceTree = "<group>";
		};
/* End PBXGroup section */

/* Begin PBXNativeTarget section */
		6B08015D1B3325A80037AE77 /* Bow Ties */ = {
			isa = PBXNativeTarget;
			buildConfigurationList = 6B0801801B3325A80037AE77 /* Build configuration list for PBXNativeTarget "Bow Ties" */;
			buildPhases = (
				6B08015A1B3325A80037AE77 /* Sources */,
				6B08015B1B3325A80037AE77 /* Frameworks */,
				6B08015C1B3325A80037AE77 /* Resources */,
			);
			buildRules = (
			);
			dependencies = (
			);
			name = "Bow Ties";
			productName = "Bow Ties";
			productReference = 6B08015E1B3325A80037AE77 /* Bow Ties.app */;
			productType = "com.apple.product-type.application";
		};
		6B0801751B3325A80037AE77 /* Bow TiesTests */ = {
			isa = PBXNativeTarget;
			buildConfigurationList = 6B0801831B3325A80037AE77 /* Build configuration list for PBXNativeTarget "Bow TiesTests" */;
			buildPhases = (
				6B0801721B3325A80037AE77 /* Sources */,
				6B0801731B3325A80037AE77 /* Frameworks */,
				6B0801741B3325A80037AE77 /* Resources */,
			);
			buildRules = (
			);
			dependencies = (
				6B0801781B3325A80037AE77 /* PBXTargetDependency */,
			);
			name = "Bow TiesTests";
			productName = "Bow TiesTests";
			productReference = 6B0801761B3325A80037AE77 /* Bow TiesTests.xctest */;
			productType = "com.apple.product-type.bundle.unit-test";
		};
/* End PBXNativeTarget section */

/* Begin PBXProject section */
		6B0801561B3325A80037AE77 /* Project object */ = {
			isa = PBXProject;
			attributes = {
				LastUpgradeCheck = 0630;
				ORGANIZATIONNAME = CJS;
				TargetAttributes = {
					6B08015D1B3325A80037AE77 = {
						CreatedOnToolsVersion = 6.3.2;
					};
					6B0801751B3325A80037AE77 = {
						CreatedOnToolsVersion = 6.3.2;
						TestTargetID = 6B08015D1B3325A80037AE77;
					};
				};
			};
			buildConfigurationList = 6B0801591B3325A80037AE77 /* Build configuration list for PBXProject "Bow Ties" */;
			compatibilityVersion = "Xcode 3.2";
			developmentRegion = English;
			hasScannedForEncodings = 0;
			knownRegions = (
				en,
				Base,
			);
			mainGroup = 6B0801551B3325A80037AE77;
			productRefGroup = 6B08015F1B3325A80037AE77 /* Products */;
			projectDirPath = "";
			projectRoot = "";
			targets = (
				6B08015D1B3325A80037AE77 /* Bow Ties */,
				6B0801751B3325A80037AE77 /* Bow TiesTests */,
			);
		};
/* End PBXProject section */

/* Begin PBXResourcesBuildPhase section */
		6B08015C1B3325A80037AE77 /* Resources */ = {
			isa = PBXResourcesBuildPhase;
			buildActionMask = 2147483647;
			files = (
				6B08016C1B3325A80037AE77 /* Main.storyboard in Resources */,
				6B0801711B3325A80037AE77 /* LaunchScreen.xib in Resources */,
				6B08016E1B3325A80037AE77 /* Images.xcassets in Resources */,
			);
			runOnlyForDeploymentPostprocessing = 0;
		};
		6B0801741B3325A80037AE77 /* Resources */ = {
			isa = PBXResourcesBuildPhase;
			buildActionMask = 2147483647;
			files = (
			);
			runOnlyForDeploymentPostprocessing = 0;
		};
/* End PBXResourcesBuildPhase section */

/* Begin PBXSourcesBuildPhase section */
		6B08015A1B3325A80037AE77 /* Sources */ = {
			isa = PBXSourcesBuildPhase;
			buildActionMask = 2147483647;
			files = (
				6B0801691B3325A80037AE77 /* ViewController.swift in Sources */,
				6B0801641B3325A80037AE77 /* AppDelegate.swift in Sources */,
				6B0801671B3325A80037AE77 /* Bow_Ties.xcdatamodeld in Sources */,
			);
			runOnlyForDeploymentPostprocessing = 0;
		};
		6B0801721B3325A80037AE77 /* Sources */ = {
			isa = PBXSourcesBuildPhase;
			buildActionMask = 2147483647;
			files = (
				6B08017D1B3325A80037AE77 /* Bow_TiesTests.swift in Sources */,
			);
			runOnlyForDeploymentPostprocessing = 0;
		};
/* End PBXSourcesBuildPhase section */

/* Begin PBXTargetDependency section */
		6B0801781B3325A80037AE77 /* PBXTargetDependency */ = {
			isa = PBXTargetDependency;
			target = 6B08015D1B3325A80037AE77 /* Bow Ties */;
			targetProxy = 6B0801771B3325A80037AE77 /* PBXContainerItemProxy */;
		};
/* End PBXTargetDependency section */

/* Begin PBXVariantGroup section */
		6B08016A1B3325A80037AE77 /* Main.storyboard */ = {
			isa = PBXVariantGroup;
			children = (
				6B08016B1B3325A80037AE77 /* Base */,
			);
			name = Main.storyboard;
			sourceTree = "<group>";
		};
		6B08016F1B3325A80037AE77 /* LaunchScreen.xib */ = {
			isa = PBXVariantGroup;
			children = (
				6B0801701B3325A80037AE77 /* Base */,
			);
			name = LaunchScreen.xib;
			sourceTree = "<group>";
		};
/* End PBXVariantGroup section */

/* Begin XCBuildConfiguration section */
		6B08017E1B3325A80037AE77 /* Debug */ = {
			isa = XCBuildConfiguration;
			buildSettings = {
				ALWAYS_SEARCH_USER_PATHS = NO;
				CLANG_CXX_LANGUAGE_STANDARD = "gnu++0x";
				CLANG_CXX_LIBRARY = "libc++";
				CLANG_ENABLE_MODULES = YES;
				CLANG_ENABLE_OBJC_ARC = YES;
				CLANG_WARN_BOOL_CONVERSION = YES;
				CLANG_WARN_CONSTANT_CONVERSION = YES;
				CLANG_WARN_DIRECT_OBJC_ISA_USAGE = YES_ERROR;
				CLANG_WARN_EMPTY_BODY = YES;
				CLANG_WARN_ENUM_CONVERSION = YES;
				CLANG_WARN_INT_CONVERSION = YES;
				CLANG_WARN_OBJC_ROOT_CLASS = YES_ERROR;
				CLANG_WARN_UNREACHABLE_CODE = YES;
				CLANG_WARN__DUPLICATE_METHOD_MATCH = YES;
				"CODE_SIGN_IDENTITY[sdk=iphoneos*]" = "iPhone Developer";
				COPY_PHASE_STRIP = NO;
				DEBUG_INFORMATION_FORMAT = "dwarf-with-dsym";
				ENABLE_STRICT_OBJC_MSGSEND = YES;
				GCC_C_LANGUAGE_STANDARD = gnu99;
				GCC_DYNAMIC_NO_PIC = NO;
				GCC_NO_COMMON_BLOCKS = YES;
				GCC_OPTIMIZATION_LEVEL = 0;
				GCC_PREPROCESSOR_DEFINITIONS = (
					"DEBUG=1",
					"$(inherited)",
				);
				GCC_SYMBOLS_PRIVATE_EXTERN = NO;
				GCC_WARN_64_TO_32_BIT_CONVERSION = YES;
				GCC_WARN_ABOUT_RETURN_TYPE = YES_ERROR;
				GCC_WARN_UNDECLARED_SELECTOR = YES;
				GCC_WARN_UNINITIALIZED_AUTOS = YES_AGGRESSIVE;
				GCC_WARN_UNUSED_FUNCTION = YES;
				GCC_WARN_UNUSED_VARIABLE = YES;
				IPHONEOS_DEPLOYMENT_TARGET = 8.3;
				MTL_ENABLE_DEBUG_INFO = YES;
				ONLY_ACTIVE_ARCH = YES;
				SDKROOT = iphoneos;
				SWIFT_OPTIMIZATION_LEVEL = "-Onone";
			};
			name = Debug;
		};
		6B08017F1B3325A80037AE77 /* Release */ = {
			isa = XCBuildConfiguration;
			buildSettings = {
				ALWAYS_SEARCH_USER_PATHS = NO;
				CLANG_CXX_LANGUAGE_STANDARD = "gnu++0x";
				CLANG_CXX_LIBRARY = "libc++";
				CLANG_ENABLE_MODULES = YES;
				CLANG_ENABLE_OBJC_ARC = YES;
				CLANG_WARN_BOOL_CONVERSION = YES;
				CLANG_WARN_CONSTANT_CONVERSION = YES;
				CLANG_WARN_DIRECT_OBJC_ISA_USAGE = YES_ERROR;
				CLANG_WARN_EMPTY_BODY = YES;
				CLANG_WARN_ENUM_CONVERSION = YES;
				CLANG_WARN_INT_CONVERSION = YES;
				CLANG_WARN_OBJC_ROOT_CLASS = YES_ERROR;
				CLANG_WARN_UNREACHABLE_CODE = YES;
				CLANG_WARN__DUPLICATE_METHOD_MATCH = YES;
				"CODE_SIGN_IDENTITY[sdk=iphoneos*]" = "iPhone Developer";
				COPY_PHASE_STRIP = NO;
				DEBUG_INFORMATION_FORMAT = "dwarf-with-dsym";
				ENABLE_NS_ASSERTIONS = NO;
				ENABLE_STRICT_OBJC_MSGSEND = YES;
				GCC_C_LANGUAGE_STANDARD = gnu99;
				GCC_NO_COMMON_BLOCKS = YES;
				GCC_WARN_64_TO_32_BIT_CONVERSION = YES;
				GCC_WARN_ABOUT_RETURN_TYPE = YES_ERROR;
				GCC_WARN_UNDECLARED_SELECTOR = YES;
				GCC_WARN_UNINITIALIZED_AUTOS = YES_AGGRESSIVE;
				GCC_WARN_UNUSED_FUNCTION = YES;
				GCC_WARN_UNUSED_VARIABLE = YES;
				IPHONEOS_DEPLOYMENT_TARGET = 8.3;
				MTL_ENABLE_DEBUG_INFO = NO;
				SDKROOT = iphoneos;
				VALIDATE_PRODUCT = YES;
			};
			name = Release;
		};
		6B0801811B3325A80037AE77 /* Debug */ = {
			isa = XCBuildConfiguration;
			buildSettings = {
				ASSETCATALOG_COMPILER_APPICON_NAME = AppIcon;
				INFOPLIST_FILE = "Bow Ties/Info.plist";
				LD_RUNPATH_SEARCH_PATHS = "$(inherited) @executable_path/Frameworks";
				PRODUCT_NAME = "$(TARGET_NAME)";
			};
			name = Debug;
		};
		6B0801821B3325A80037AE77 /* Release */ = {
			isa = XCBuildConfiguration;
			buildSettings = {
				ASSETCATALOG_COMPILER_APPICON_NAME = AppIcon;
				INFOPLIST_FILE = "Bow Ties/Info.plist";
				LD_RUNPATH_SEARCH_PATHS = "$(inherited) @executable_path/Frameworks";
				PRODUCT_NAME = "$(TARGET_NAME)";
			};
			name = Release;
		};
		6B0801841B3325A80037AE77 /* Debug */ = {
			isa = XCBuildConfiguration;
			buildSettings = {
				BUNDLE_LOADER = "$(TEST_HOST)";
				FRAMEWORK_SEARCH_PATHS = (
					"$(SDKROOT)/Developer/Library/Frameworks",
					"$(inherited)",
				);
				GCC_PREPROCESSOR_DEFINITIONS = (
					"DEBUG=1",
					"$(inherited)",
				);
				INFOPLIST_FILE = "Bow TiesTests/Info.plist";
				LD_RUNPATH_SEARCH_PATHS = "$(inherited) @executable_path/Frameworks @loader_path/Frameworks";
				PRODUCT_NAME = "$(TARGET_NAME)";
				TEST_HOST = "$(BUILT_PRODUCTS_DIR)/Bow Ties.app/Bow Ties";
			};
			name = Debug;
		};
		6B0801851B3325A80037AE77 /* Release */ = {
			isa = XCBuildConfiguration;
			buildSettings = {
				BUNDLE_LOADER = "$(TEST_HOST)";
				FRAMEWORK_SEARCH_PATHS = (
					"$(SDKROOT)/Developer/Library/Frameworks",
					"$(inherited)",
				);
				INFOPLIST_FILE = "Bow TiesTests/Info.plist";
				LD_RUNPATH_SEARCH_PATHS = "$(inherited) @executable_path/Frameworks @loader_path/Frameworks";
				PRODUCT_NAME = "$(TARGET_NAME)";
				TEST_HOST = "$(BUILT_PRODUCTS_DIR)/Bow Ties.app/Bow Ties";
			};
			name = Release;
		};
/* End XCBuildConfiguration section */

/* Begin XCConfigurationList section */
		6B0801591B3325A80037AE77 /* Build configuration list for PBXProject "Bow Ties" */ = {
			isa = XCConfigurationList;
			buildConfigurations = (
				6B08017E1B3325A80037AE77 /* Debug */,
				6B08017F1B3325A80037AE77 /* Release */,
			);
			defaultConfigurationIsVisible = 0;
			defaultConfigurationName = Release;
		};
		6B0801801B3325A80037AE77 /* Build configuration list for PBXNativeTarget "Bow Ties" */ = {
			isa = XCConfigurationList;
			buildConfigurations = (
				6B0801811B3325A80037AE77 /* Debug */,
				6B0801821B3325A80037AE77 /* Release */,
			);
			defaultConfigurationIsVisible = 0;
		};
		6B0801831B3325A80037AE77 /* Build configuration list for PBXNativeTarget "Bow TiesTests" */ = {
			isa = XCConfigurationList;
			buildConfigurations = (
				6B0801841B3325A80037AE77 /* Debug */,
				6B0801851B3325A80037AE77 /* Release */,
			);
			defaultConfigurationIsVisible = 0;
		};
/* End XCConfigurationList section */

/* Begin XCVersionGroup section */
		6B0801651B3325A80037AE77 /* Bow_Ties.xcdatamodeld */ = {
			isa = XCVersionGroup;
			children = (
				6B0801661B3325A80037AE77 /* Bow_Ties.xcdatamodel */,
			);
			currentVersion = 6B0801661B3325A80037AE77 /* Bow_Ties.xcdatamodel */;
			path = Bow_Ties.xcdatamodeld;
			sourceTree = "<group>";
			versionGroupType = wrapper.xcdatamodel;
		};
/* End XCVersionGroup section */
	};
	rootObject = 6B0801561B3325A80037AE77 /* Project object */;
}
